
Microsoft Visual Studio Solution File, Format Version 12.00
# Visual Studio Version 16
VisualStudioVersion = 16.0.29519.181
MinimumVisualStudioVersion = 10.0.40219.1
Project("{FAE04EC0-301F-11D3-BF4B-00C04F79EFBC}") = "StudentManagementSystem", "StudentManagementSystem.csproj", "{44482C1C-56B4-4D03-94D6-99F478CD5EBB}"
EndProject
Global
	GlobalSection(SolutionConfigurationPlatforms) = preSolution
		Debug|Any CPU = Debug|Any CPU
		Release|Any CPU = Release|Any CPU
	EndGlobalSection
	GlobalSection(ProjectConfigurationPlatforms) = postSolution
		{44482C1C-56B4-4D03-94D6-99F478CD5EBB}.Debug|Any CPU.ActiveCfg = Debug|Any CPU
		{44482C1C-56B4-4D03-94D6-99F478CD5EBB}.Debug|Any CPU.Build.0 = Debug|Any CPU
		{44482C1C-56B4-4D03-94D6-99F478CD5EBB}.Release|Any CPU.ActiveCfg = Release|Any CPU
		{44482C1C-56B4-4D03-94D6-99F478CD5EBB}.Release|Any CPU.Build.0 = Release|Any CPU
	EndGlobalSection
	GlobalSection(SolutionProperties) = preSolution
		HideSolutionNode = FALSE
	EndGlobalSection
	GlobalSection(ExtensibilityGlobals) = postSolution
		SolutionGuid = {2034FBED-51C9-4AD3-98A0-3D1BD46E7A82}
	EndGlobalSection
EndGlobal
